
Microsoft Visual Studio Solution File, Format Version 12.00
# Visual Studio Version 16
VisualStudioVersion = 16.0.32407.337
MinimumVisualStudioVersion = 10.0.40219.1
Project("{FAE04EC0-301F-11D3-BF4B-00C04F79EFBC}") = "eTickets", "eTickets\eTickets.csproj", "{09471AB3-169B-4C42-8B24-A0C64176CBF4}"
EndProject
Global
	GlobalSection(SolutionConfigurationPlatforms) = preSolution
		Debug|Any CPU = Debug|Any CPU
		Release|Any CPU = Release|Any CPU
	EndGlobalSection
	GlobalSection(ProjectConfigurationPlatforms) = postSolution
		{09471AB3-169B-4C42-8B24-A0C64176CBF4}.Debug|Any CPU.ActiveCfg = Debug|Any CPU
		{09471AB3-169B-4C42-8B24-A0C64176CBF4}.Debug|Any CPU.Build.0 = Debug|Any CPU
		{09471AB3-169B-4C42-8B24-A0C64176CBF4}.Release|Any CPU.ActiveCfg = Release|Any CPU
		{09471AB3-169B-4C42-8B24-A0C64176CBF4}.Release|Any CPU.Build.0 = Release|Any CPU
	EndGlobalSection
	GlobalSection(SolutionProperties) = preSolution
		HideSolutionNode = FALSE
	EndGlobalSection
	GlobalSection(ExtensibilityGlobals) = postSolution
		SolutionGuid = {2574773C-F9FC-4A99-991A-F4846CCD0DD9}
	EndGlobalSection
EndGlobal
